
Microsoft Visual Studio Solution File, Format Version 12.00
# Visual Studio Version 16
VisualStudioVersion = 16.0.30406.217
MinimumVisualStudioVersion = 10.0.40219.1
Project("{9A19103F-16F7-4668-BE54-9A1E7A4F7556}") = "API", "API\API.csproj", "{129A9BAB-31B8-49A9-BB3E-ADB1666C4B09}"
EndProject
Project("{FAE04EC0-301F-11D3-BF4B-00C04F79EFBC}") = "Core", "Core\Core.csproj", "{BD9E34E8-6F56-4511-9659-C7D7E6216F1B}"
EndProject
Project("{FAE04EC0-301F-11D3-BF4B-00C04F79EFBC}") = "Infrastructure", "Infrastructure\Infrastructure.csproj", "{E257745D-A683-49A9-8901-293A0E957537}"
EndProject
Global
	GlobalSection(SolutionConfigurationPlatforms) = preSolution
		Debug|Any CPU = Debug|Any CPU
		Release|Any CPU = Release|Any CPU
	EndGlobalSection
	GlobalSection(ProjectConfigurationPlatforms) = postSolution
		{129A9BAB-31B8-49A9-BB3E-ADB1666C4B09}.Debug|Any CPU.ActiveCfg = Debug|Any CPU
		{129A9BAB-31B8-49A9-BB3E-ADB1666C4B09}.Debug|Any CPU.Build.0 = Debug|Any CPU
		{129A9BAB-31B8-49A9-BB3E-ADB1666C4B09}.Release|Any CPU.ActiveCfg = Release|Any CPU
		{129A9BAB-31B8-49A9-BB3E-ADB1666C4B09}.Release|Any CPU.Build.0 = Release|Any CPU
		{BD9E34E8-6F56-4511-9659-C7D7E6216F1B}.Debug|Any CPU.ActiveCfg = Debug|Any CPU
		{BD9E34E8-6F56-4511-9659-C7D7E6216F1B}.Debug|Any CPU.Build.0 = Debug|Any CPU
		{BD9E34E8-6F56-4511-9659-C7D7E6216F1B}.Release|Any CPU.ActiveCfg = Release|Any CPU
		{BD9E34E8-6F56-4511-9659-C7D7E6216F1B}.Release|Any CPU.Build.0 = Release|Any CPU
		{E257745D-A683-49A9-8901-293A0E957537}.Debug|Any CPU.ActiveCfg = Debug|Any CPU
		{E257745D-A683-49A9-8901-293A0E957537}.Debug|Any CPU.Build.0 = Debug|Any CPU
		{E257745D-A683-49A9-8901-293A0E957537}.Release|Any CPU.ActiveCfg = Release|Any CPU
		{E257745D-A683-49A9-8901-293A0E957537}.Release|Any CPU.Build.0 = Release|Any CPU
	EndGlobalSection
	GlobalSection(SolutionProperties) = preSolution
		HideSolutionNode = FALSE
	EndGlobalSection
	GlobalSection(ExtensibilityGlobals) = postSolution
		SolutionGuid = {D0FDA5F7-2FDB-479B-BB64-4FD38BD71096}
	EndGlobalSection
EndGlobal
